<?xml version="1.0" encoding="utf-8"?>
<Project ToolsVersion="4.0" xmlns="http://schemas.microsoft.com/developer/msbuild/2003">
  <ItemGroup>
    <Filter Include="Source Files">
      <UniqueIdentifier>{4FC737F1-C7A5-4376-A066-2A32D752A2FF}</UniqueIdentifier>
      <Extensions>cpp;c;cc;cxx;def;odl;idl;hpj;bat;asm;asmx</Extensions>
    </Filter>
    <Filter Include="Header Files">
      <UniqueIdentifier>{93995380-89BD-4b04-88EB-625FBE52EBFB}</UniqueIdentifier>
      <Extensions>h;hh;hpp;hxx;hm;inl;inc;xsd</Extensions>
    </Filter>
    <Filter Include="Resource Files">
      <UniqueIdentifier>{67DA6AB6-F800-4c08-8B7A-83BB121AAD01}</UniqueIdentifier>
      <Extensions>rc;ico;cur;bmp;dlg;rc2;rct;bin;rgs;gif;jpg;jpeg;jpe;resx;tiff;tif;png;wav;mfcribbon-ms</Extensions>
    </Filter>
  </ItemGroup>
  <ItemGroup>
    <ClCompile Include="main.cpp">
      <Filter>Source Files</Filter>
    </ClCompile>
    <ClCompile Include="source\Background.cpp">
      <Filter>Source Files</Filter>
    </ClCompile>
    <ClCompile Include="source\Bullet.cpp">
      <Filter>Source Files</Filter>
    </ClCompile>
    <ClCompile Include="source\BulletManager.cpp">
      <Filter>Source Files</Filter>
    </ClCompile>
    <ClCompile Include="source\EnemyManager.cpp">
      <Filter>Source Files</Filter>
    </ClCompile>
    <ClCompile Include="source\EnemyShip.cpp">
      <Filter>Source Files</Filter>
    </ClCompile>
    <ClCompile Include="source\Game.cpp">
      <Filter>Source Files</Filter>
    </ClCompile>
    <ClCompile Include="source\GameOverMenu.cpp">
      <Filter>Source Files</Filter>
    </ClCompile>
    <ClCompile Include="source\GenericPlayer.cpp">
      <Filter>Source Files</Filter>
    </ClCompile>
    <ClCompile Include="source\InstructionsMenu.cpp">
      <Filter>Source Files</Filter>
    </ClCompile>
    <ClCompile Include="source\Menu.cpp">
      <Filter>Source Files</Filter>
    </ClCompile>
    <ClCompile Include="source\OptionsMenu.cpp">
      <Filter>Source Files</Filter>
    </ClCompile>
    <ClCompile Include="source\Player.cpp">
      <Filter>Source Files</Filter>
    </ClCompile>
    <ClCompile Include="source\PlayerShip.cpp">
      <Filter>Source Files</Filter>
    </ClCompile>
    <ClCompile Include="source\SplashScreen.cpp">
      <Filter>Source Files</Filter>
    </ClCompile>
    <ClCompile Include="source\StatUpdate.cpp">
      <Filter>Source Files</Filter>
    </ClCompile>
    <ClCompile Include="source\VisibleGameObject.cpp">
      <Filter>Source Files</Filter>
    </ClCompile>
  </ItemGroup>
  <ItemGroup>
    <ClInclude Include="source\Background.h">
      <Filter>Header Files</Filter>
    </ClInclude>
    <ClInclude Include="source\Bullet.h">
      <Filter>Header Files</Filter>
    </ClInclude>
    <ClInclude Include="source\BulletManager.h">
      <Filter>Header Files</Filter>
    </ClInclude>
    <ClInclude Include="source\EnemyManager.h">
      <Filter>Header Files</Filter>
    </ClInclude>
    <ClInclude Include="source\EnemyShip.h">
      <Filter>Header Files</Filter>
    </ClInclude>
    <ClInclude Include="source\GameOverMenu.h">
      <Filter>Header Files</Filter>
    </ClInclude>
    <ClInclude Include="source\Game.h">
      <Filter>Header Files</Filter>
    </ClInclude>
    <ClInclude Include="source\GenericPlayer.h">
      <Filter>Header Files</Filter>
    </ClInclude>
    <ClInclude Include="source\InstructionsMenu.h">
      <Filter>Header Files</Filter>
    </ClInclude>
    <ClInclude Include="source\Menu.h">
      <Filter>Header Files</Filter>
    </ClInclude>
    <ClInclude Include="source\OptionsMenu.h">
      <Filter>Header Files</Filter>
    </ClInclude>
    <ClInclude Include="source\Player.h">
      <Filter>Header Files</Filter>
    </ClInclude>
    <ClInclude Include="source\PlayerShip.h">
      <Filter>Header Files</Filter>
    </ClInclude>
    <ClInclude Include="source\SplashScreen.h">
      <Filter>Header Files</Filter>
    </ClInclude>
    <ClInclude Include="source\StatUpdate.h">
      <Filter>Header Files</Filter>
    </ClInclude>
    <ClInclude Include="source\VisibleGameObject.h">
      <Filter>Header Files</Filter>
    </ClInclude>
  </ItemGroup>
</Project>